{
  "originHash" : "771eb1da4d9878f5b4c5186dc4e270a8c205544c7d312259e4313cc5600690a8",
  "pins" : [
    {
      "identity" : "swiftui-loop-videoplayer",
      "kind" : "remoteSourceControl",
      "location" : "https://github.com/swiftuiux/swiftui-loop-videoplayer",
      "state" : {
        "branch" : "main",
        "revision" : "fd0bae9c2716b020fa3a7ff88d59743bf0a6b00c"
      }
    }
  ],
  "version" : 3
}
